
Microsoft Visual Studio Solution File, Format Version 12.00
# Visual Studio Version 17
VisualStudioVersion = 17.14.37012.4 d17.14
MinimumVisualStudioVersion = 10.0.40219.1
Project("{FAE04EC0-301F-11D3-BF4B-00C04F79EFBC}") = "InvestmentCalculator.WebApp", "InvestmentCalculator.WebApp.csproj", "{17BC0E15-FCE6-43FF-825C-E65F8DEB32F5}"
EndProject
Project("{FAE04EC0-301F-11D3-BF4B-00C04F79EFBC}") = "InvestmentPredictor.Core", "..\InvestmentPredictor.Core\InvestmentPredictor.Core.csproj", "{D4EEA571-69E5-7D80-A314-6C3F0547F8BA}"
EndProject
Global
	GlobalSection(SolutionConfigurationPlatforms) = preSolution
		Debug|Any CPU = Debug|Any CPU
		Release|Any CPU = Release|Any CPU
	EndGlobalSection
	GlobalSection(ProjectConfigurationPlatforms) = postSolution
		{17BC0E15-FCE6-43FF-825C-E65F8DEB32F5}.Debug|Any CPU.ActiveCfg = Debug|Any CPU
		{17BC0E15-FCE6-43FF-825C-E65F8DEB32F5}.Debug|Any CPU.Build.0 = Debug|Any CPU
		{17BC0E15-FCE6-43FF-825C-E65F8DEB32F5}.Release|Any CPU.ActiveCfg = Release|Any CPU
		{17BC0E15-FCE6-43FF-825C-E65F8DEB32F5}.Release|Any CPU.Build.0 = Release|Any CPU
		{D4EEA571-69E5-7D80-A314-6C3F0547F8BA}.Debug|Any CPU.ActiveCfg = Debug|Any CPU
		{D4EEA571-69E5-7D80-A314-6C3F0547F8BA}.Debug|Any CPU.Build.0 = Debug|Any CPU
		{D4EEA571-69E5-7D80-A314-6C3F0547F8BA}.Release|Any CPU.ActiveCfg = Release|Any CPU
		{D4EEA571-69E5-7D80-A314-6C3F0547F8BA}.Release|Any CPU.Build.0 = Release|Any CPU
	EndGlobalSection
	GlobalSection(SolutionProperties) = preSolution
		HideSolutionNode = FALSE
	EndGlobalSection
	GlobalSection(ExtensibilityGlobals) = postSolution
		SolutionGuid = {6E6850D1-166B-4876-8649-F3108AE08DE0}
	EndGlobalSection
EndGlobal
