
Microsoft Visual Studio Solution File, Format Version 12.00
# Visual Studio Version 17
VisualStudioVersion = 17.14.36414.22
MinimumVisualStudioVersion = 10.0.40219.1
Project("{FAE04EC0-301F-11D3-BF4B-00C04F79EFBC}") = "InvestmentPredictor.Api", "InvestmentPredictor.Api\InvestmentPredictor.Api.csproj", "{7D71B52C-DF0D-4D2F-8A43-D91FF5E7469C}"
EndProject
Project("{2150E333-8FDC-42A3-9474-1A3956D46DE8}") = "Elementy rozwiązania", "Elementy rozwiązania", "{69F60BCD-8596-41AC-9449-C7C9CF89722F}"
EndProject
Global
	GlobalSection(SolutionConfigurationPlatforms) = preSolution
		Debug|Any CPU = Debug|Any CPU
		Release|Any CPU = Release|Any CPU
	EndGlobalSection
	GlobalSection(ProjectConfigurationPlatforms) = postSolution
		{7D71B52C-DF0D-4D2F-8A43-D91FF5E7469C}.Debug|Any CPU.ActiveCfg = Debug|Any CPU
		{7D71B52C-DF0D-4D2F-8A43-D91FF5E7469C}.Debug|Any CPU.Build.0 = Debug|Any CPU
		{7D71B52C-DF0D-4D2F-8A43-D91FF5E7469C}.Release|Any CPU.ActiveCfg = Release|Any CPU
		{7D71B52C-DF0D-4D2F-8A43-D91FF5E7469C}.Release|Any CPU.Build.0 = Release|Any CPU
	EndGlobalSection
	GlobalSection(SolutionProperties) = preSolution
		HideSolutionNode = FALSE
	EndGlobalSection
	GlobalSection(ExtensibilityGlobals) = postSolution
		SolutionGuid = {F8468BE3-2CD3-4311-98CA-16CE89F49104}
	EndGlobalSection
EndGlobal
